// !$*UTF8*$!
{
	archiveVersion = 1;
	classes = {
	};
	objectVersion = 46;
	objects = {

/* Begin PBXBuildFile section */
		5CD36A911F40553C00C63B17 /* AppDelegate.swift in Sources */ = {isa = PBXBuildFile; fileRef = 5CD36A901F40553C00C63B17 /* AppDelegate.swift */; };
		5CD36A931F40553C00C63B17 /* ViewController.swift in Sources */ = {isa = PBXBuildFile; fileRef = 5CD36A921F40553C00C63B17 /* ViewController.swift */; };
		5CD36A961F40553C00C63B17 /* Main.storyboard in Resources */ = {isa = PBXBuildFile; fileRef = 5CD36A941F40553C00C63B17 /* Main.storyboard */; };
		5CD36A981F40553C00C63B17 /* Assets.xcassets in Resources */ = {isa = PBXBuildFile; fileRef = 5CD36A971F40553C00C63B17 /* Assets.xcassets */; };
		5CD36A9B1F40553C00C63B17 /* LaunchScreen.storyboard in Resources */ = {isa = PBXBuildFile; fileRef = 5CD36A991F40553C00C63B17 /* LaunchScreen.storyboard */; };
		5CD36AAC1F406C9E00C63B17 /* ImageTableViewCell.swift in Sources */ = {isa = PBXBuildFile; fileRef = 5CD36AAA1F406C9E00C63B17 /* ImageTableViewCell.swift */; };
		5CD36AAD1F406C9E00C63B17 /* ImageTableViewCell.xib in Resources */ = {isa = PBXBuildFile; fileRef = 5CD36AAB1F406C9E00C63B17 /* ImageTableViewCell.xib */; };
		E2A963ECEA61C3393A69B7C5 /* Pods_Sample.framework in Frameworks */ = {isa = PBXBuildFile; fileRef = 8EDD61E520488B36B592983B /* Pods_Sample.framework */; };
/* End PBXBuildFile section */

/* Begin PBXFileReference section */
		5CD36A8D1F40553C00C63B17 /* Sample.app */ = {isa = PBXFileReference; explicitFileType = wrapper.application; includeInIndex = 0; path = Sample.app; sourceTree = BUILT_PRODUCTS_DIR; };
		5CD36A901F40553C00C63B17 /* AppDelegate.swift */ = {isa = PBXFileReference; lastKnownFileType = sourcecode.swift; path = AppDelegate.swift; sourceTree = "<group>"; };
		5CD36A921F40553C00C63B17 /* ViewController.swift */ = {isa = PBXFileReference; lastKnownFileType = sourcecode.swift; path = ViewController.swift; sourceTree = "<group>"; };
		5CD36A951F40553C00C63B17 /* Base */ = {isa = PBXFileReference; lastKnownFileType = file.storyboard; name = Base; path = Base.lproj/Main.storyboard; sourceTree = "<group>"; };
		5CD36A971F40553C00C63B17 /* Assets.xcassets */ = {isa = PBXFileReference; lastKnownFileType = folder.assetcatalog; path = Assets.xcassets; sourceTree = "<group>"; };
		5CD36A9A1F40553C00C63B17 /* Base */ = {isa = PBXFileReference; lastKnownFileType = file.storyboard; name = Base; path = Base.lproj/LaunchScreen.storyboard; sourceTree = "<group>"; };
		5CD36A9C1F40553C00C63B17 /* Info.plist */ = {isa = PBXFileReference; lastKnownFileType = text.plist.xml; path = Info.plist; sourceTree = "<group>"; };
		5CD36AAA1F406C9E00C63B17 /* ImageTableViewCell.swift */ = {isa = PBXFileReference; fileEncoding = 4; lastKnownFileType = sourcecode.swift; path = ImageTableViewCell.swift; sourceTree = "<group>"; };
		5CD36AAB1F406C9E00C63B17 /* ImageTableViewCell.xib */ = {isa = PBXFileReference; fileEncoding = 4; lastKnownFileType = file.xib; path = ImageTableViewCell.xib; sourceTree = "<group>"; };
		8EDD61E520488B36B592983B /* Pods_Sample.framework */ = {isa = PBXFileReference; explicitFileType = wrapper.framework; includeInIndex = 0; path = Pods_Sample.framework; sourceTree = BUILT_PRODUCTS_DIR; };
		D323F52D9E42763DE1EDDD94 /* Pods-Sample.release.xcconfig */ = {isa = PBXFileReference; includeInIndex = 1; lastKnownFileType = text.xcconfig; name = "Pods-Sample.release.xcconfig"; path = "Pods/Target Support Files/Pods-Sample/Pods-Sample.release.xcconfig"; sourceTree = "<group>"; };
		F4E263635AD8F1E857543A72 /* Pods-Sample.debug.xcconfig */ = {isa = PBXFileReference; includeInIndex = 1; lastKnownFileType = text.xcconfig; name = "Pods-Sample.debug.xcconfig"; path = "Pods/Target Support Files/Pods-Sample/Pods-Sample.debug.xcconfig"; sourceTree = "<group>"; };
/* End PBXFileReference section */

/* Begin PBXFrameworksBuildPhase section */
		5CD36A8A1F40553C00C63B17 /* Frameworks */ = {
			isa = PBXFrameworksBuildPhase;
			buildActionMask = 2147483647;
			files = (
				E2A963ECEA61C3393A69B7C5 /* Pods_Sample.framework in Frameworks */,
			);
			runOnlyForDeploymentPostprocessing = 0;
		};
/* End PBXFrameworksBuildPhase section */

/* Begin PBXGroup section */
		0F1994395264BF22BC26DCDE /* Frameworks */ = {
			isa = PBXGroup;
			children = (
				8EDD61E520488B36B592983B /* Pods_Sample.framework */,
			);
			name = Frameworks;
			sourceTree = "<group>";
		};
		5CD36A841F40553C00C63B17 = {
			isa = PBXGroup;
			children = (
				5CD36A8F1F40553C00C63B17 /* Sample */,
				5CD36A8E1F40553C00C63B17 /* Products */,
				9FE3FEC5F401E6BC7AD66E5B /* Pods */,
				0F1994395264BF22BC26DCDE /* Frameworks */,
			);
			sourceTree = "<group>";
		};
		5CD36A8E1F40553C00C63B17 /* Products */ = {
			isa = PBXGroup;
			children = (
				5CD36A8D1F40553C00C63B17 /* Sample.app */,
			);
			name = Products;
			sourceTree = "<group>";
		};
		5CD36A8F1F40553C00C63B17 /* Sample */ = {
			isa = PBXGroup;
			children = (
				5CD36A901F40553C00C63B17 /* AppDelegate.swift */,
				5CD36A921F40553C00C63B17 /* ViewController.swift */,
				5CD36AAA1F406C9E00C63B17 /* ImageTableViewCell.swift */,
				5CD36AAB1F406C9E00C63B17 /* ImageTableViewCell.xib */,
				5CD36A941F40553C00C63B17 /* Main.storyboard */,
				5CD36A971F40553C00C63B17 /* Assets.xcassets */,
				5CD36A991F40553C00C63B17 /* LaunchScreen.storyboard */,
				5CD36A9C1F40553C00C63B17 /* Info.plist */,
			);
			path = Sample;
			sourceTree = "<group>";
		};
		9FE3FEC5F401E6BC7AD66E5B /* Pods */ = {
			isa = PBXGroup;
			children = (
				F4E263635AD8F1E857543A72 /* Pods-Sample.debug.xcconfig */,
				D323F52D9E42763DE1EDDD94 /* Pods-Sample.release.xcconfig */,
			);
			name = Pods;
			sourceTree = "<group>";
		};
/* End PBXGroup section */

/* Begin PBXNativeTarget section */
		5CD36A8C1F40553C00C63B17 /* Sample */ = {
			isa = PBXNativeTarget;
			buildConfigurationList = 5CD36A9F1F40553C00C63B17 /* Build configuration list for PBXNativeTarget "Sample" */;
			buildPhases = (
				5E14FBC9A3115F92AB186B67 /* [CP] Check Pods Manifest.lock */,
				5CD36A891F40553C00C63B17 /* Sources */,
				5CD36A8A1F40553C00C63B17 /* Frameworks */,
				5CD36A8B1F40553C00C63B17 /* Resources */,
				4C29D854528D83AF759DE08D /* [CP] Embed Pods Frameworks */,
				1EA5B03E12DF9B513FDF420C /* [CP] Copy Pods Resources */,
			);
			buildRules = (
			);
			dependencies = (
			);
			name = Sample;
			productName = Sample;
			productReference = 5CD36A8D1F40553C00C63B17 /* Sample.app */;
			productType = "com.apple.product-type.application";
		};
/* End PBXNativeTarget section */

/* Begin PBXProject section */
		5CD36A851F40553C00C63B17 /* Project object */ = {
			isa = PBXProject;
			attributes = {
				LastSwiftUpdateCheck = 0830;
				LastUpgradeCheck = 0830;
				ORGANIZATIONNAME = Meniny;
				TargetAttributes = {
					5CD36A8C1F40553C00C63B17 = {
						CreatedOnToolsVersion = 8.3.3;
						DevelopmentTeam = 63YL5QDMNS;
						ProvisioningStyle = Automatic;
					};
				};
			};
			buildConfigurationList = 5CD36A881F40553C00C63B17 /* Build configuration list for PBXProject "Sample" */;
			compatibilityVersion = "Xcode 3.2";
			developmentRegion = English;
			hasScannedForEncodings = 0;
			knownRegions = (
				en,
				Base,
			);
			mainGroup = 5CD36A841F40553C00C63B17;
			productRefGroup = 5CD36A8E1F40553C00C63B17 /* Products */;
			projectDirPath = "";
			projectRoot = "";
			targets = (
				5CD36A8C1F40553C00C63B17 /* Sample */,
			);
		};
/* End PBXProject section */

/* Begin PBXResourcesBuildPhase section */
		5CD36A8B1F40553C00C63B17 /* Resources */ = {
			isa = PBXResourcesBuildPhase;
			buildActionMask = 2147483647;
			files = (
				5CD36A9B1F40553C00C63B17 /* LaunchScreen.storyboard in Resources */,
				5CD36AAD1F406C9E00C63B17 /* ImageTableViewCell.xib in Resources */,
				5CD36A981F40553C00C63B17 /* Assets.xcassets in Resources */,
				5CD36A961F40553C00C63B17 /* Main.storyboard in Resources */,
			);
			runOnlyForDeploymentPostprocessing = 0;
		};
/* End PBXResourcesBuildPhase section */

/* Begin PBXShellScriptBuildPhase section */
		1EA5B03E12DF9B513FDF420C /* [CP] Copy Pods Resources */ = {
			isa = PBXShellScriptBuildPhase;
			buildActionMask = 2147483647;
			files = (
			);
			inputPaths = (
			);
			name = "[CP] Copy Pods Resources";
			outputPaths = (
			);
			runOnlyForDeploymentPostprocessing = 0;
			shellPath = /bin/sh;
			shellScript = "\"${SRCROOT}/Pods/Target Support Files/Pods-Sample/Pods-Sample-resources.sh\"\n";
			showEnvVarsInLog = 0;
		};
		4C29D854528D83AF759DE08D /* [CP] Embed Pods Frameworks */ = {
			isa = PBXShellScriptBuildPhase;
			buildActionMask = 2147483647;
			files = (
			);
			inputPaths = (
				"${SRCROOT}/Pods/Target Support Files/Pods-Sample/Pods-Sample-frameworks.sh",
				"${BUILT_PRODUCTS_DIR}/ImageFactory/ImageFactory.framework",
			);
			name = "[CP] Embed Pods Frameworks";
			outputPaths = (
				"${TARGET_BUILD_DIR}/${FRAMEWORKS_FOLDER_PATH}/ImageFactory.framework",
			);
			runOnlyForDeploymentPostprocessing = 0;
			shellPath = /bin/sh;
			shellScript = "\"${SRCROOT}/Pods/Target Support Files/Pods-Sample/Pods-Sample-frameworks.sh\"\n";
			showEnvVarsInLog = 0;
		};
		5E14FBC9A3115F92AB186B67 /* [CP] Check Pods Manifest.lock */ = {
			isa = PBXShellScriptBuildPhase;
			buildActionMask = 2147483647;
			files = (
			);
			inputPaths = (
				"${PODS_PODFILE_DIR_PATH}/Podfile.lock",
				"${PODS_ROOT}/Manifest.lock",
			);
			name = "[CP] Check Pods Manifest.lock";
			outputPaths = (
				"$(DERIVED_FILE_DIR)/Pods-Sample-checkManifestLockResult.txt",
			);
			runOnlyForDeploymentPostprocessing = 0;
			shellPath = /bin/sh;
			shellScript = "diff \"${PODS_PODFILE_DIR_PATH}/Podfile.lock\" \"${PODS_ROOT}/Manifest.lock\" > /dev/null\nif [ $? != 0 ] ; then\n    # print error to STDERR\n    echo \"error: The sandbox is not in sync with the Podfile.lock. Run 'pod install' or update your CocoaPods installation.\" >&2\n    exit 1\nfi\n# This output is used by Xcode 'outputs' to avoid re-running this script phase.\necho \"SUCCESS\" > \"${SCRIPT_OUTPUT_FILE_0}\"\n";
			showEnvVarsInLog = 0;
		};
/* End PBXShellScriptBuildPhase section */

/* Begin PBXSourcesBuildPhase section */
		5CD36A891F40553C00C63B17 /* Sources */ = {
			isa = PBXSourcesBuildPhase;
			buildActionMask = 2147483647;
			files = (
				5CD36AAC1F406C9E00C63B17 /* ImageTableViewCell.swift in Sources */,
				5CD36A931F40553C00C63B17 /* ViewController.swift in Sources */,
				5CD36A911F40553C00C63B17 /* AppDelegate.swift in Sources */,
			);
			runOnlyForDeploymentPostprocessing = 0;
		};
/* End PBXSourcesBuildPhase section */

/* Begin PBXVariantGroup section */
		5CD36A941F40553C00C63B17 /* Main.storyboard */ = {
			isa = PBXVariantGroup;
			children = (
				5CD36A951F40553C00C63B17 /* Base */,
			);
			name = Main.storyboard;
			sourceTree = "<group>";
		};
		5CD36A991F40553C00C63B17 /* LaunchScreen.storyboard */ = {
			isa = PBXVariantGroup;
			children = (
				5CD36A9A1F40553C00C63B17 /* Base */,
			);
			name = LaunchScreen.storyboard;
			sourceTree = "<group>";
		};
/* End PBXVariantGroup section */

/* Begin XCBuildConfiguration section */
		5CD36A9D1F40553C00C63B17 /* Debug */ = {
			isa = XCBuildConfiguration;
			buildSettings = {
				ALWAYS_SEARCH_USER_PATHS = NO;
				CLANG_ANALYZER_NONNULL = YES;
				CLANG_ANALYZER_NUMBER_OBJECT_CONVERSION = YES_AGGRESSIVE;
				CLANG_CXX_LANGUAGE_STANDARD = "gnu++0x";
				CLANG_CXX_LIBRARY = "libc++";
				CLANG_ENABLE_MODULES = YES;
				CLANG_ENABLE_OBJC_ARC = YES;
				CLANG_WARN_BOOL_CONVERSION = YES;
				CLANG_WARN_CONSTANT_CONVERSION = YES;
				CLANG_WARN_DIRECT_OBJC_ISA_USAGE = YES_ERROR;
				CLANG_WARN_DOCUMENTATION_COMMENTS = YES;
				CLANG_WARN_EMPTY_BODY = YES;
				CLANG_WARN_ENUM_CONVERSION = YES;
				CLANG_WARN_INFINITE_RECURSION = YES;
				CLANG_WARN_INT_CONVERSION = YES;
				CLANG_WARN_OBJC_ROOT_CLASS = YES_ERROR;
				CLANG_WARN_SUSPICIOUS_MOVE = YES;
				CLANG_WARN_UNREACHABLE_CODE = YES;
				CLANG_WARN__DUPLICATE_METHOD_MATCH = YES;
				"CODE_SIGN_IDENTITY[sdk=iphoneos*]" = "iPhone Developer";
				COPY_PHASE_STRIP = NO;
				DEBUG_INFORMATION_FORMAT = dwarf;
				ENABLE_STRICT_OBJC_MSGSEND = YES;
				ENABLE_TESTABILITY = YES;
				GCC_C_LANGUAGE_STANDARD = gnu99;
				GCC_DYNAMIC_NO_PIC = NO;
				GCC_NO_COMMON_BLOCKS = YES;
				GCC_OPTIMIZATION_LEVEL = 0;
				GCC_PREPROCESSOR_DEFINITIONS = (
					"DEBUG=1",
					"$(inherited)",
				);
				GCC_WARN_64_TO_32_BIT_CONVERSION = YES;
				GCC_WARN_ABOUT_RETURN_TYPE = YES_ERROR;
				GCC_WARN_UNDECLARED_SELECTOR = YES;
				GCC_WARN_UNINITIALIZED_AUTOS = YES_AGGRESSIVE;
				GCC_WARN_UNUSED_FUNCTION = YES;
				GCC_WARN_UNUSED_VARIABLE = YES;
				IPHONEOS_DEPLOYMENT_TARGET = 10.3;
				MTL_ENABLE_DEBUG_INFO = YES;
				ONLY_ACTIVE_ARCH = YES;
				SDKROOT = iphoneos;
				SWIFT_ACTIVE_COMPILATION_CONDITIONS = DEBUG;
				SWIFT_OPTIMIZATION_LEVEL = "-Onone";
				TARGETED_DEVICE_FAMILY = "1,2";
			};
			name = Debug;
		};
		5CD36A9E1F40553C00C63B17 /* Release */ = {
			isa = XCBuildConfiguration;
			buildSettings = {
				ALWAYS_SEARCH_USER_PATHS = NO;
				CLANG_ANALYZER_NONNULL = YES;
				CLANG_ANALYZER_NUMBER_OBJECT_CONVERSION = YES_AGGRESSIVE;
				CLANG_CXX_LANGUAGE_STANDARD = "gnu++0x";
				CLANG_CXX_LIBRARY = "libc++";
				CLANG_ENABLE_MODULES = YES;
				CLANG_ENABLE_OBJC_ARC = YES;
				CLANG_WARN_BOOL_CONVERSION = YES;
				CLANG_WARN_CONSTANT_CONVERSION = YES;
				CLANG_WARN_DIRECT_OBJC_ISA_USAGE = YES_ERROR;
				CLANG_WARN_DOCUMENTATION_COMMENTS = YES;
				CLANG_WARN_EMPTY_BODY = YES;
				CLANG_WARN_ENUM_CONVERSION = YES;
				CLANG_WARN_INFINITE_RECURSION = YES;
				CLANG_WARN_INT_CONVERSION = YES;
				CLANG_WARN_OBJC_ROOT_CLASS = YES_ERROR;
				CLANG_WARN_SUSPICIOUS_MOVE = YES;
				CLANG_WARN_UNREACHABLE_CODE = YES;
				CLANG_WARN__DUPLICATE_METHOD_MATCH = YES;
				"CODE_SIGN_IDENTITY[sdk=iphoneos*]" = "iPhone Developer";
				COPY_PHASE_STRIP = NO;
				DEBUG_INFORMATION_FORMAT = "dwarf-with-dsym";
				ENABLE_NS_ASSERTIONS = NO;
				ENABLE_STRICT_OBJC_MSGSEND = YES;
				GCC_C_LANGUAGE_STANDARD = gnu99;
				GCC_NO_COMMON_BLOCKS = YES;
				GCC_WARN_64_TO_32_BIT_CONVERSION = YES;
				GCC_WARN_ABOUT_RETURN_TYPE = YES_ERROR;
				GCC_WARN_UNDECLARED_SELECTOR = YES;
				GCC_WARN_UNINITIALIZED_AUTOS = YES_AGGRESSIVE;
				GCC_WARN_UNUSED_FUNCTION = YES;
				GCC_WARN_UNUSED_VARIABLE = YES;
				IPHONEOS_DEPLOYMENT_TARGET = 10.3;
				MTL_ENABLE_DEBUG_INFO = NO;
				SDKROOT = iphoneos;
				SWIFT_OPTIMIZATION_LEVEL = "-Owholemodule";
				TARGETED_DEVICE_FAMILY = "1,2";
				VALIDATE_PRODUCT = YES;
			};
			name = Release;
		};
		5CD36AA01F40553C00C63B17 /* Debug */ = {
			isa = XCBuildConfiguration;
			baseConfigurationReference = F4E263635AD8F1E857543A72 /* Pods-Sample.debug.xcconfig */;
			buildSettings = {
				ASSETCATALOG_COMPILER_APPICON_NAME = AppIcon;
				DEVELOPMENT_TEAM = 63YL5QDMNS;
				INFOPLIST_FILE = Sample/Info.plist;
				LD_RUNPATH_SEARCH_PATHS = "$(inherited) @executable_path/Frameworks";
				PRODUCT_BUNDLE_IDENTIFIER = cn.meniny.ImageFactory.Sample;
				PRODUCT_NAME = "$(TARGET_NAME)";
				SWIFT_VERSION = 3.0;
			};
			name = Debug;
		};
		5CD36AA11F40553C00C63B17 /* Release */ = {
			isa = XCBuildConfiguration;
			baseConfigurationReference = D323F52D9E42763DE1EDDD94 /* Pods-Sample.release.xcconfig */;
			buildSettings = {
				ASSETCATALOG_COMPILER_APPICON_NAME = AppIcon;
				DEVELOPMENT_TEAM = 63YL5QDMNS;
				INFOPLIST_FILE = Sample/Info.plist;
				LD_RUNPATH_SEARCH_PATHS = "$(inherited) @executable_path/Frameworks";
				PRODUCT_BUNDLE_IDENTIFIER = cn.meniny.ImageFactory.Sample;
				PRODUCT_NAME = "$(TARGET_NAME)";
				SWIFT_VERSION = 3.0;
			};
			name = Release;
		};
/* End XCBuildConfiguration section */

/* Begin XCConfigurationList section */
		5CD36A881F40553C00C63B17 /* Build configuration list for PBXProject "Sample" */ = {
			isa = XCConfigurationList;
			buildConfigurations = (
				5CD36A9D1F40553C00C63B17 /* Debug */,
				5CD36A9E1F40553C00C63B17 /* Release */,
			);
			defaultConfigurationIsVisible = 0;
			defaultConfigurationName = Release;
		};
		5CD36A9F1F40553C00C63B17 /* Build configuration list for PBXNativeTarget "Sample" */ = {
			isa = XCConfigurationList;
			buildConfigurations = (
				5CD36AA01F40553C00C63B17 /* Debug */,
				5CD36AA11F40553C00C63B17 /* Release */,
			);
			defaultConfigurationIsVisible = 0;
			defaultConfigurationName = Release;
		};
/* End XCConfigurationList section */
	};
	rootObject = 5CD36A851F40553C00C63B17 /* Project object */;
}
